
Microsoft Visual Studio Solution File, Format Version 12.00
# Visual Studio Version 17
VisualStudioVersion = 17.11.35312.102
MinimumVisualStudioVersion = 10.0.40219.1
Project("{9A19103F-16F7-4668-BE54-9A1E7A4F7556}") = "Restaurant-Backend", "Restaurant-Backend.csproj", "{236C1245-9CE7-422D-A731-C1A60A31BA3C}"
EndProject
Project("{FAE04EC0-301F-11D3-BF4B-00C04F79EFBC}") = "DOMAIN", "..\DOMAIN\DOMAIN.csproj", "{23CAEF88-82F5-4C81-A21A-3B874CA69E33}"
EndProject
Global
	GlobalSection(SolutionConfigurationPlatforms) = preSolution
		Debug|Any CPU = Debug|Any CPU
		Release|Any CPU = Release|Any CPU
	EndGlobalSection
	GlobalSection(ProjectConfigurationPlatforms) = postSolution
		{236C1245-9CE7-422D-A731-C1A60A31BA3C}.Debug|Any CPU.ActiveCfg = Debug|Any CPU
		{236C1245-9CE7-422D-A731-C1A60A31BA3C}.Debug|Any CPU.Build.0 = Debug|Any CPU
		{236C1245-9CE7-422D-A731-C1A60A31BA3C}.Release|Any CPU.ActiveCfg = Release|Any CPU
		{236C1245-9CE7-422D-A731-C1A60A31BA3C}.Release|Any CPU.Build.0 = Release|Any CPU
		{23CAEF88-82F5-4C81-A21A-3B874CA69E33}.Debug|Any CPU.ActiveCfg = Debug|Any CPU
		{23CAEF88-82F5-4C81-A21A-3B874CA69E33}.Debug|Any CPU.Build.0 = Debug|Any CPU
		{23CAEF88-82F5-4C81-A21A-3B874CA69E33}.Release|Any CPU.ActiveCfg = Release|Any CPU
		{23CAEF88-82F5-4C81-A21A-3B874CA69E33}.Release|Any CPU.Build.0 = Release|Any CPU
	EndGlobalSection
	GlobalSection(SolutionProperties) = preSolution
		HideSolutionNode = FALSE
	EndGlobalSection
	GlobalSection(ExtensibilityGlobals) = postSolution
		SolutionGuid = {B333597F-77EA-4704-BDF2-0A82F41CC201}
	EndGlobalSection
EndGlobal
